// !$*UTF8*$!
{
	archiveVersion = 1;
	classes = {
	};
	objectVersion = 46;
	objects = {

/* Begin PBXBuildFile section */
		4264AF861DEBABF400B9301B /* Assets.xcassets in Resources */ = {isa = PBXBuildFile; fileRef = 4264AF851DEBABF400B9301B /* Assets.xcassets */; };
		426BC5D01E0BB50400DB178B /* TermsOfServiceViewController.swift in Sources */ = {isa = PBXBuildFile; fileRef = 426BC5CF1E0BB50400DB178B /* TermsOfServiceViewController.swift */; };
		426BC5D21E0BB52500DB178B /* PrivacyPolicyViewController.swift in Sources */ = {isa = PBXBuildFile; fileRef = 426BC5D11E0BB52500DB178B /* PrivacyPolicyViewController.swift */; };
		426E92391DFBD69200D9F213 /* Images.xcassets in Resources */ = {isa = PBXBuildFile; fileRef = 426E92381DFBD69200D9F213 /* Images.xcassets */; };
		42C5B7EE1DEBA84C007CEF02 /* LaunchScreen.storyboard in Resources */ = {isa = PBXBuildFile; fileRef = 42E05C841DE26D1600B24B7E /* LaunchScreen.storyboard */; };
		42C6E5691E0BA62100A93A28 /* SignInLandingViewController.swift in Sources */ = {isa = PBXBuildFile; fileRef = 42C6E5681E0BA62100A93A28 /* SignInLandingViewController.swift */; };
		42C6E56B1E0BA74F00A93A28 /* SignInViewController.swift in Sources */ = {isa = PBXBuildFile; fileRef = 42C6E56A1E0BA74F00A93A28 /* SignInViewController.swift */; };
		42C6E56D1E0BA81100A93A28 /* SignUpViewController.swift in Sources */ = {isa = PBXBuildFile; fileRef = 42C6E56C1E0BA81100A93A28 /* SignUpViewController.swift */; };
		42E05C791DE26D1600B24B7E /* AppDelegate.swift in Sources */ = {isa = PBXBuildFile; fileRef = 42E05C781DE26D1600B24B7E /* AppDelegate.swift */; };
		42E05C7B1DE26D1600B24B7E /* ViewController.swift in Sources */ = {isa = PBXBuildFile; fileRef = 42E05C7A1DE26D1600B24B7E /* ViewController.swift */; };
		42E05C7E1DE26D1600B24B7E /* Main.storyboard in Resources */ = {isa = PBXBuildFile; fileRef = 42E05C7C1DE26D1600B24B7E /* Main.storyboard */; };
		42E05C811DE26D1600B24B7E /* BourbonLibrary.xcdatamodeld in Sources */ = {isa = PBXBuildFile; fileRef = 42E05C7F1DE26D1600B24B7E /* BourbonLibrary.xcdatamodeld */; };
		42E05C911DE26D1600B24B7E /* BourbonLibraryTests.swift in Sources */ = {isa = PBXBuildFile; fileRef = 42E05C901DE26D1600B24B7E /* BourbonLibraryTests.swift */; };
		42E05C9C1DE26D1600B24B7E /* BourbonLibraryUITests.swift in Sources */ = {isa = PBXBuildFile; fileRef = 42E05C9B1DE26D1600B24B7E /* BourbonLibraryUITests.swift */; };
		DC75AE861EADCD0A00EBF8AC /* MobileCenter.framework in Frameworks */ = {isa = PBXBuildFile; fileRef = DC75AE831EADCD0A00EBF8AC /* MobileCenter.framework */; };
		DC75AE871EADCD0A00EBF8AC /* MobileCenterAnalytics.framework in Frameworks */ = {isa = PBXBuildFile; fileRef = DC75AE841EADCD0A00EBF8AC /* MobileCenterAnalytics.framework */; };
		DC75AE881EADCD0A00EBF8AC /* MobileCenterCrashes.framework in Frameworks */ = {isa = PBXBuildFile; fileRef = DC75AE851EADCD0A00EBF8AC /* MobileCenterCrashes.framework */; };
/* End PBXBuildFile section */

/* Begin PBXContainerItemProxy section */
		42E05C8D1DE26D1600B24B7E /* PBXContainerItemProxy */ = {
			isa = PBXContainerItemProxy;
			containerPortal = 42E05C6D1DE26D1600B24B7E /* Project object */;
			proxyType = 1;
			remoteGlobalIDString = 42E05C741DE26D1600B24B7E;
			remoteInfo = BourbonLibrary;
		};
		42E05C981DE26D1600B24B7E /* PBXContainerItemProxy */ = {
			isa = PBXContainerItemProxy;
			containerPortal = 42E05C6D1DE26D1600B24B7E /* Project object */;
			proxyType = 1;
			remoteGlobalIDString = 42E05C741DE26D1600B24B7E;
			remoteInfo = BourbonLibrary;
		};
/* End PBXContainerItemProxy section */

/* Begin PBXFileReference section */
		4264AF851DEBABF400B9301B /* Assets.xcassets */ = {isa = PBXFileReference; lastKnownFileType = folder.assetcatalog; name = Assets.xcassets; path = BourbonLibrary/Assets.xcassets; sourceTree = "<group>"; };
		426BC5CF1E0BB50400DB178B /* TermsOfServiceViewController.swift */ = {isa = PBXFileReference; fileEncoding = 4; lastKnownFileType = sourcecode.swift; path = TermsOfServiceViewController.swift; sourceTree = "<group>"; };
		426BC5D11E0BB52500DB178B /* PrivacyPolicyViewController.swift */ = {isa = PBXFileReference; fileEncoding = 4; lastKnownFileType = sourcecode.swift; path = PrivacyPolicyViewController.swift; sourceTree = "<group>"; };
		426E92381DFBD69200D9F213 /* Images.xcassets */ = {isa = PBXFileReference; lastKnownFileType = folder.assetcatalog; path = Images.xcassets; sourceTree = "<group>"; };
		42C6E5681E0BA62100A93A28 /* SignInLandingViewController.swift */ = {isa = PBXFileReference; fileEncoding = 4; lastKnownFileType = sourcecode.swift; path = SignInLandingViewController.swift; sourceTree = "<group>"; };
		42C6E56A1E0BA74F00A93A28 /* SignInViewController.swift */ = {isa = PBXFileReference; fileEncoding = 4; lastKnownFileType = sourcecode.swift; path = SignInViewController.swift; sourceTree = "<group>"; };
		42C6E56C1E0BA81100A93A28 /* SignUpViewController.swift */ = {isa = PBXFileReference; fileEncoding = 4; lastKnownFileType = sourcecode.swift; path = SignUpViewController.swift; sourceTree = "<group>"; };
		42E05C751DE26D1600B24B7E /* BourbonLibrary.app */ = {isa = PBXFileReference; explicitFileType = wrapper.application; includeInIndex = 0; path = BourbonLibrary.app; sourceTree = BUILT_PRODUCTS_DIR; };
		42E05C781DE26D1600B24B7E /* AppDelegate.swift */ = {isa = PBXFileReference; lastKnownFileType = sourcecode.swift; path = AppDelegate.swift; sourceTree = "<group>"; };
		42E05C7A1DE26D1600B24B7E /* ViewController.swift */ = {isa = PBXFileReference; lastKnownFileType = sourcecode.swift; path = ViewController.swift; sourceTree = "<group>"; };
		42E05C7D1DE26D1600B24B7E /* Base */ = {isa = PBXFileReference; lastKnownFileType = file.storyboard; name = Base; path = Base.lproj/Main.storyboard; sourceTree = "<group>"; };
		42E05C801DE26D1600B24B7E /* BourbonLibrary.xcdatamodel */ = {isa = PBXFileReference; lastKnownFileType = wrapper.xcdatamodel; path = BourbonLibrary.xcdatamodel; sourceTree = "<group>"; };
		42E05C851DE26D1600B24B7E /* Base */ = {isa = PBXFileReference; lastKnownFileType = file.storyboard; name = Base; path = Base.lproj/LaunchScreen.storyboard; sourceTree = "<group>"; };
		42E05C871DE26D1600B24B7E /* Info.plist */ = {isa = PBXFileReference; lastKnownFileType = text.plist.xml; path = Info.plist; sourceTree = "<group>"; };
		42E05C8C1DE26D1600B24B7E /* BourbonLibraryTests.xctest */ = {isa = PBXFileReference; explicitFileType = wrapper.cfbundle; includeInIndex = 0; path = BourbonLibraryTests.xctest; sourceTree = BUILT_PRODUCTS_DIR; };
		42E05C901DE26D1600B24B7E /* BourbonLibraryTests.swift */ = {isa = PBXFileReference; lastKnownFileType = sourcecode.swift; path = BourbonLibraryTests.swift; sourceTree = "<group>"; };
		42E05C921DE26D1600B24B7E /* Info.plist */ = {isa = PBXFileReference; lastKnownFileType = text.plist.xml; path = Info.plist; sourceTree = "<group>"; };
		42E05C971DE26D1600B24B7E /* BourbonLibraryUITests.xctest */ = {isa = PBXFileReference; explicitFileType = wrapper.cfbundle; includeInIndex = 0; path = BourbonLibraryUITests.xctest; sourceTree = BUILT_PRODUCTS_DIR; };
		42E05C9B1DE26D1600B24B7E /* BourbonLibraryUITests.swift */ = {isa = PBXFileReference; lastKnownFileType = sourcecode.swift; path = BourbonLibraryUITests.swift; sourceTree = "<group>"; };
		42E05C9D1DE26D1600B24B7E /* Info.plist */ = {isa = PBXFileReference; lastKnownFileType = text.plist.xml; path = Info.plist; sourceTree = "<group>"; };
		DC75AE831EADCD0A00EBF8AC /* MobileCenter.framework */ = {isa = PBXFileReference; lastKnownFileType = wrapper.framework; path = MobileCenter.framework; sourceTree = "<group>"; };
		DC75AE841EADCD0A00EBF8AC /* MobileCenterAnalytics.framework */ = {isa = PBXFileReference; lastKnownFileType = wrapper.framework; path = MobileCenterAnalytics.framework; sourceTree = "<group>"; };
		DC75AE851EADCD0A00EBF8AC /* MobileCenterCrashes.framework */ = {isa = PBXFileReference; lastKnownFileType = wrapper.framework; path = MobileCenterCrashes.framework; sourceTree = "<group>"; };
/* End PBXFileReference section */

/* Begin PBXFrameworksBuildPhase section */
		42E05C721DE26D1600B24B7E /* Frameworks */ = {
			isa = PBXFrameworksBuildPhase;
			buildActionMask = 2147483647;
			files = (
				DC75AE871EADCD0A00EBF8AC /* MobileCenterAnalytics.framework in Frameworks */,
				DC75AE881EADCD0A00EBF8AC /* MobileCenterCrashes.framework in Frameworks */,
				DC75AE861EADCD0A00EBF8AC /* MobileCenter.framework in Frameworks */,
			);
			runOnlyForDeploymentPostprocessing = 0;
		};
		42E05C891DE26D1600B24B7E /* Frameworks */ = {
			isa = PBXFrameworksBuildPhase;
			buildActionMask = 2147483647;
			files = (
			);
			runOnlyForDeploymentPostprocessing = 0;
		};
		42E05C941DE26D1600B24B7E /* Frameworks */ = {
			isa = PBXFrameworksBuildPhase;
			buildActionMask = 2147483647;
			files = (
			);
			runOnlyForDeploymentPostprocessing = 0;
		};
/* End PBXFrameworksBuildPhase section */

/* Begin PBXGroup section */
		42E05C6C1DE26D1600B24B7E = {
			isa = PBXGroup;
			children = (
				426E92381DFBD69200D9F213 /* Images.xcassets */,
				4264AF851DEBABF400B9301B /* Assets.xcassets */,
				42E05C771DE26D1600B24B7E /* BourbonLibrary */,
				42E05C8F1DE26D1600B24B7E /* BourbonLibraryTests */,
				42E05C9A1DE26D1600B24B7E /* BourbonLibraryUITests */,
				42E05C761DE26D1600B24B7E /* Products */,
				DC75AE821EADCCE900EBF8AC /* Vendor */,
			);
			sourceTree = "<group>";
		};
		42E05C761DE26D1600B24B7E /* Products */ = {
			isa = PBXGroup;
			children = (
				42E05C751DE26D1600B24B7E /* BourbonLibrary.app */,
				42E05C8C1DE26D1600B24B7E /* BourbonLibraryTests.xctest */,
				42E05C971DE26D1600B24B7E /* BourbonLibraryUITests.xctest */,
			);
			name = Products;
			sourceTree = "<group>";
		};
		42E05C771DE26D1600B24B7E /* BourbonLibrary */ = {
			isa = PBXGroup;
			children = (
				42E05C781DE26D1600B24B7E /* AppDelegate.swift */,
				42E05C7A1DE26D1600B24B7E /* ViewController.swift */,
				42E05C7C1DE26D1600B24B7E /* Main.storyboard */,
				42E05C841DE26D1600B24B7E /* LaunchScreen.storyboard */,
				42E05C871DE26D1600B24B7E /* Info.plist */,
				42E05C7F1DE26D1600B24B7E /* BourbonLibrary.xcdatamodeld */,
				42C6E5681E0BA62100A93A28 /* SignInLandingViewController.swift */,
				42C6E56A1E0BA74F00A93A28 /* SignInViewController.swift */,
				42C6E56C1E0BA81100A93A28 /* SignUpViewController.swift */,
				426BC5CF1E0BB50400DB178B /* TermsOfServiceViewController.swift */,
				426BC5D11E0BB52500DB178B /* PrivacyPolicyViewController.swift */,
			);
			path = BourbonLibrary;
			sourceTree = "<group>";
		};
		42E05C8F1DE26D1600B24B7E /* BourbonLibraryTests */ = {
			isa = PBXGroup;
			children = (
				42E05C901DE26D1600B24B7E /* BourbonLibraryTests.swift */,
				42E05C921DE26D1600B24B7E /* Info.plist */,
			);
			path = BourbonLibraryTests;
			sourceTree = "<group>";
		};
		42E05C9A1DE26D1600B24B7E /* BourbonLibraryUITests */ = {
			isa = PBXGroup;
			children = (
				42E05C9B1DE26D1600B24B7E /* BourbonLibraryUITests.swift */,
				42E05C9D1DE26D1600B24B7E /* Info.plist */,
			);
			path = BourbonLibraryUITests;
			sourceTree = "<group>";
		};
		DC75AE821EADCCE900EBF8AC /* Vendor */ = {
			isa = PBXGroup;
			children = (
				DC75AE831EADCD0A00EBF8AC /* MobileCenter.framework */,
				DC75AE841EADCD0A00EBF8AC /* MobileCenterAnalytics.framework */,
				DC75AE851EADCD0A00EBF8AC /* MobileCenterCrashes.framework */,
			);
			name = Vendor;
			sourceTree = "<group>";
		};
/* End PBXGroup section */

/* Begin PBXNativeTarget section */
		42E05C741DE26D1600B24B7E /* BourbonLibrary */ = {
			isa = PBXNativeTarget;
			buildConfigurationList = 42E05CA01DE26D1600B24B7E /* Build configuration list for PBXNativeTarget "BourbonLibrary" */;
			buildPhases = (
				42E05C711DE26D1600B24B7E /* Sources */,
				42E05C721DE26D1600B24B7E /* Frameworks */,
				42E05C731DE26D1600B24B7E /* Resources */,
			);
			buildRules = (
			);
			dependencies = (
			);
			name = BourbonLibrary;
			productName = BourbonLibrary;
			productReference = 42E05C751DE26D1600B24B7E /* BourbonLibrary.app */;
			productType = "com.apple.product-type.application";
		};
		42E05C8B1DE26D1600B24B7E /* BourbonLibraryTests */ = {
			isa = PBXNativeTarget;
			buildConfigurationList = 42E05CA31DE26D1600B24B7E /* Build configuration list for PBXNativeTarget "BourbonLibraryTests" */;
			buildPhases = (
				42E05C881DE26D1600B24B7E /* Sources */,
				42E05C891DE26D1600B24B7E /* Frameworks */,
				42E05C8A1DE26D1600B24B7E /* Resources */,
			);
			buildRules = (
			);
			dependencies = (
				42E05C8E1DE26D1600B24B7E /* PBXTargetDependency */,
			);
			name = BourbonLibraryTests;
			productName = BourbonLibraryTests;
			productReference = 42E05C8C1DE26D1600B24B7E /* BourbonLibraryTests.xctest */;
			productType = "com.apple.product-type.bundle.unit-test";
		};
		42E05C961DE26D1600B24B7E /* BourbonLibraryUITests */ = {
			isa = PBXNativeTarget;
			buildConfigurationList = 42E05CA61DE26D1600B24B7E /* Build configuration list for PBXNativeTarget "BourbonLibraryUITests" */;
			buildPhases = (
				42E05C931DE26D1600B24B7E /* Sources */,
				42E05C941DE26D1600B24B7E /* Frameworks */,
				42E05C951DE26D1600B24B7E /* Resources */,
			);
			buildRules = (
			);
			dependencies = (
				42E05C991DE26D1600B24B7E /* PBXTargetDependency */,
			);
			name = BourbonLibraryUITests;
			productName = BourbonLibraryUITests;
			productReference = 42E05C971DE26D1600B24B7E /* BourbonLibraryUITests.xctest */;
			productType = "com.apple.product-type.bundle.ui-testing";
		};
/* End PBXNativeTarget section */

/* Begin PBXProject section */
		42E05C6D1DE26D1600B24B7E /* Project object */ = {
			isa = PBXProject;
			attributes = {
				LastSwiftUpdateCheck = 0810;
				LastUpgradeCheck = 0820;
				ORGANIZATIONNAME = "Jason Timbo";
				TargetAttributes = {
					42E05C741DE26D1600B24B7E = {
						CreatedOnToolsVersion = 8.1;
						DevelopmentTeam = NR6YM7SHX9;
						ProvisioningStyle = Manual;
					};
					42E05C8B1DE26D1600B24B7E = {
						CreatedOnToolsVersion = 8.1;
						DevelopmentTeam = NR6YM7SHX9;
						ProvisioningStyle = Manual;
						TestTargetID = 42E05C741DE26D1600B24B7E;
					};
					42E05C961DE26D1600B24B7E = {
						CreatedOnToolsVersion = 8.1;
						DevelopmentTeam = NR6YM7SHX9;
						ProvisioningStyle = Manual;
						TestTargetID = 42E05C741DE26D1600B24B7E;
					};
				};
			};
			buildConfigurationList = 42E05C701DE26D1600B24B7E /* Build configuration list for PBXProject "Bourbon Library" */;
			compatibilityVersion = "Xcode 3.2";
			developmentRegion = English;
			hasScannedForEncodings = 0;
			knownRegions = (
				en,
				Base,
			);
			mainGroup = 42E05C6C1DE26D1600B24B7E;
			productRefGroup = 42E05C761DE26D1600B24B7E /* Products */;
			projectDirPath = "";
			projectRoot = "";
			targets = (
				42E05C741DE26D1600B24B7E /* BourbonLibrary */,
				42E05C8B1DE26D1600B24B7E /* BourbonLibraryTests */,
				42E05C961DE26D1600B24B7E /* BourbonLibraryUITests */,
			);
		};
/* End PBXProject section */

/* Begin PBXResourcesBuildPhase section */
		42E05C731DE26D1600B24B7E /* Resources */ = {
			isa = PBXResourcesBuildPhase;
			buildActionMask = 2147483647;
			files = (
				426E92391DFBD69200D9F213 /* Images.xcassets in Resources */,
				42C5B7EE1DEBA84C007CEF02 /* LaunchScreen.storyboard in Resources */,
				4264AF861DEBABF400B9301B /* Assets.xcassets in Resources */,
				42E05C7E1DE26D1600B24B7E /* Main.storyboard in Resources */,
			);
			runOnlyForDeploymentPostprocessing = 0;
		};
		42E05C8A1DE26D1600B24B7E /* Resources */ = {
			isa = PBXResourcesBuildPhase;
			buildActionMask = 2147483647;
			files = (
			);
			runOnlyForDeploymentPostprocessing = 0;
		};
		42E05C951DE26D1600B24B7E /* Resources */ = {
			isa = PBXResourcesBuildPhase;
			buildActionMask = 2147483647;
			files = (
			);
			runOnlyForDeploymentPostprocessing = 0;
		};
/* End PBXResourcesBuildPhase section */

/* Begin PBXSourcesBuildPhase section */
		42E05C711DE26D1600B24B7E /* Sources */ = {
			isa = PBXSourcesBuildPhase;
			buildActionMask = 2147483647;
			files = (
				42C6E56D1E0BA81100A93A28 /* SignUpViewController.swift in Sources */,
				42C6E5691E0BA62100A93A28 /* SignInLandingViewController.swift in Sources */,
				42E05C7B1DE26D1600B24B7E /* ViewController.swift in Sources */,
				426BC5D21E0BB52500DB178B /* PrivacyPolicyViewController.swift in Sources */,
				42E05C811DE26D1600B24B7E /* BourbonLibrary.xcdatamodeld in Sources */,
				426BC5D01E0BB50400DB178B /* TermsOfServiceViewController.swift in Sources */,
				42C6E56B1E0BA74F00A93A28 /* SignInViewController.swift in Sources */,
				42E05C791DE26D1600B24B7E /* AppDelegate.swift in Sources */,
			);
			runOnlyForDeploymentPostprocessing = 0;
		};
		42E05C881DE26D1600B24B7E /* Sources */ = {
			isa = PBXSourcesBuildPhase;
			buildActionMask = 2147483647;
			files = (
				42E05C911DE26D1600B24B7E /* BourbonLibraryTests.swift in Sources */,
			);
			runOnlyForDeploymentPostprocessing = 0;
		};
		42E05C931DE26D1600B24B7E /* Sources */ = {
			isa = PBXSourcesBuildPhase;
			buildActionMask = 2147483647;
			files = (
				42E05C9C1DE26D1600B24B7E /* BourbonLibraryUITests.swift in Sources */,
			);
			runOnlyForDeploymentPostprocessing = 0;
		};
/* End PBXSourcesBuildPhase section */

/* Begin PBXTargetDependency section */
		42E05C8E1DE26D1600B24B7E /* PBXTargetDependency */ = {
			isa = PBXTargetDependency;
			target = 42E05C741DE26D1600B24B7E /* BourbonLibrary */;
			targetProxy = 42E05C8D1DE26D1600B24B7E /* PBXContainerItemProxy */;
		};
		42E05C991DE26D1600B24B7E /* PBXTargetDependency */ = {
			isa = PBXTargetDependency;
			target = 42E05C741DE26D1600B24B7E /* BourbonLibrary */;
			targetProxy = 42E05C981DE26D1600B24B7E /* PBXContainerItemProxy */;
		};
/* End PBXTargetDependency section */

/* Begin PBXVariantGroup section */
		42E05C7C1DE26D1600B24B7E /* Main.storyboard */ = {
			isa = PBXVariantGroup;
			children = (
				42E05C7D1DE26D1600B24B7E /* Base */,
			);
			name = Main.storyboard;
			sourceTree = "<group>";
		};
		42E05C841DE26D1600B24B7E /* LaunchScreen.storyboard */ = {
			isa = PBXVariantGroup;
			children = (
				42E05C851DE26D1600B24B7E /* Base */,
			);
			name = LaunchScreen.storyboard;
			sourceTree = "<group>";
		};
/* End PBXVariantGroup section */

/* Begin XCBuildConfiguration section */
		42E05C9E1DE26D1600B24B7E /* Debug */ = {
			isa = XCBuildConfiguration;
			buildSettings = {
				ALWAYS_SEARCH_USER_PATHS = NO;
				CLANG_ANALYZER_NONNULL = YES;
				CLANG_CXX_LANGUAGE_STANDARD = "gnu++0x";
				CLANG_CXX_LIBRARY = "libc++";
				CLANG_ENABLE_MODULES = YES;
				CLANG_ENABLE_OBJC_ARC = YES;
				CLANG_WARN_BOOL_CONVERSION = YES;
				CLANG_WARN_CONSTANT_CONVERSION = YES;
				CLANG_WARN_DIRECT_OBJC_ISA_USAGE = YES_ERROR;
				CLANG_WARN_DOCUMENTATION_COMMENTS = YES;
				CLANG_WARN_EMPTY_BODY = YES;
				CLANG_WARN_ENUM_CONVERSION = YES;
				CLANG_WARN_INFINITE_RECURSION = YES;
				CLANG_WARN_INT_CONVERSION = YES;
				CLANG_WARN_OBJC_ROOT_CLASS = YES_ERROR;
				CLANG_WARN_SUSPICIOUS_MOVE = YES;
				CLANG_WARN_SUSPICIOUS_MOVES = YES;
				CLANG_WARN_UNREACHABLE_CODE = YES;
				CLANG_WARN__DUPLICATE_METHOD_MATCH = YES;
				CODE_SIGN_IDENTITY = "iPhone Developer: Jason Timbo (85Q3U9MA73)";
				"CODE_SIGN_IDENTITY[sdk=iphoneos*]" = "iPhone Developer: Jason Timbo (85Q3U9MA73)";
				COPY_PHASE_STRIP = NO;
				DEBUG_INFORMATION_FORMAT = dwarf;
				ENABLE_STRICT_OBJC_MSGSEND = YES;
				ENABLE_TESTABILITY = YES;
				GCC_C_LANGUAGE_STANDARD = gnu99;
				GCC_DYNAMIC_NO_PIC = NO;
				GCC_NO_COMMON_BLOCKS = YES;
				GCC_OPTIMIZATION_LEVEL = 0;
				GCC_PREPROCESSOR_DEFINITIONS = (
					"DEBUG=1",
					"$(inherited)",
				);
				GCC_WARN_64_TO_32_BIT_CONVERSION = YES;
				GCC_WARN_ABOUT_RETURN_TYPE = YES_ERROR;
				GCC_WARN_UNDECLARED_SELECTOR = YES;
				GCC_WARN_UNINITIALIZED_AUTOS = YES_AGGRESSIVE;
				GCC_WARN_UNUSED_FUNCTION = YES;
				GCC_WARN_UNUSED_VARIABLE = YES;
				IPHONEOS_DEPLOYMENT_TARGET = 10.3;
				MTL_ENABLE_DEBUG_INFO = YES;
				ONLY_ACTIVE_ARCH = YES;
				SDKROOT = iphoneos;
				SWIFT_ACTIVE_COMPILATION_CONDITIONS = DEBUG;
				SWIFT_OPTIMIZATION_LEVEL = "-Onone";
			};
			name = Debug;
		};
		42E05C9F1DE26D1600B24B7E /* Release */ = {
			isa = XCBuildConfiguration;
			buildSettings = {
				ALWAYS_SEARCH_USER_PATHS = NO;
				CLANG_ANALYZER_NONNULL = YES;
				CLANG_CXX_LANGUAGE_STANDARD = "gnu++0x";
				CLANG_CXX_LIBRARY = "libc++";
				CLANG_ENABLE_MODULES = YES;
				CLANG_ENABLE_OBJC_ARC = YES;
				CLANG_WARN_BOOL_CONVERSION = YES;
				CLANG_WARN_CONSTANT_CONVERSION = YES;
				CLANG_WARN_DIRECT_OBJC_ISA_USAGE = YES_ERROR;
				CLANG_WARN_DOCUMENTATION_COMMENTS = YES;
				CLANG_WARN_EMPTY_BODY = YES;
				CLANG_WARN_ENUM_CONVERSION = YES;
				CLANG_WARN_INFINITE_RECURSION = YES;
				CLANG_WARN_INT_CONVERSION = YES;
				CLANG_WARN_OBJC_ROOT_CLASS = YES_ERROR;
				CLANG_WARN_SUSPICIOUS_MOVE = YES;
				CLANG_WARN_SUSPICIOUS_MOVES = YES;
				CLANG_WARN_UNREACHABLE_CODE = YES;
				CLANG_WARN__DUPLICATE_METHOD_MATCH = YES;
				CODE_SIGN_IDENTITY = "iPhone Distribution: Mapleton Hill (NR6YM7SHX9)";
				"CODE_SIGN_IDENTITY[sdk=iphoneos*]" = "iPhone Distribution: Mapleton Hill (NR6YM7SHX9)";
				COPY_PHASE_STRIP = NO;
				DEBUG_INFORMATION_FORMAT = "dwarf-with-dsym";
				ENABLE_NS_ASSERTIONS = NO;
				ENABLE_STRICT_OBJC_MSGSEND = YES;
				GCC_C_LANGUAGE_STANDARD = gnu99;
				GCC_NO_COMMON_BLOCKS = YES;
				GCC_WARN_64_TO_32_BIT_CONVERSION = YES;
				GCC_WARN_ABOUT_RETURN_TYPE = YES_ERROR;
				GCC_WARN_UNDECLARED_SELECTOR = YES;
				GCC_WARN_UNINITIALIZED_AUTOS = YES_AGGRESSIVE;
				GCC_WARN_UNUSED_FUNCTION = YES;
				GCC_WARN_UNUSED_VARIABLE = YES;
				IPHONEOS_DEPLOYMENT_TARGET = 10.3;
				MTL_ENABLE_DEBUG_INFO = NO;
				SDKROOT = iphoneos;
				SWIFT_OPTIMIZATION_LEVEL = "-Owholemodule";
				VALIDATE_PRODUCT = YES;
			};
			name = Release;
		};
		42E05CA11DE26D1600B24B7E /* Debug */ = {
			isa = XCBuildConfiguration;
			buildSettings = {
				ASSETCATALOG_COMPILER_APPICON_NAME = AppIcon;
				ASSETCATALOG_COMPILER_LAUNCHIMAGE_NAME = LaunchImage;
				CODE_SIGN_IDENTITY = "iPhone Developer: Jason Timbo (85Q3U9MA73)";
				"CODE_SIGN_IDENTITY[sdk=iphoneos*]" = "iPhone Developer: Jason Timbo (85Q3U9MA73)";
				DEBUG_INFORMATION_FORMAT = dwarf;
				DEVELOPMENT_TEAM = NR6YM7SHX9;
				FRAMEWORK_SEARCH_PATHS = (
					"$(inherited)",
					"$(PROJECT_DIR)",
				);
				INFOPLIST_FILE = BourbonLibrary/Info.plist;
				IPHONEOS_DEPLOYMENT_TARGET = 9.0;
				LD_RUNPATH_SEARCH_PATHS = "$(inherited) @executable_path/Frameworks";
				PRODUCT_BUNDLE_IDENTIFIER = com.bourbonlibrary.app;
				PRODUCT_NAME = "$(TARGET_NAME)";
				PROVISIONING_PROFILE = "360d98a6-2262-46a3-be34-3e61b9a6425f";
				PROVISIONING_PROFILE_SPECIFIER = "Bourbon Library Beta";
				SWIFT_VERSION = 3.0;
			};
			name = Debug;
		};
		42E05CA21DE26D1600B24B7E /* Release */ = {
			isa = XCBuildConfiguration;
			buildSettings = {
				ASSETCATALOG_COMPILER_APPICON_NAME = AppIcon;
				ASSETCATALOG_COMPILER_LAUNCHIMAGE_NAME = LaunchImage;
				CODE_SIGN_IDENTITY = "iPhone Distribution: Mapleton Hill (NR6YM7SHX9)";
				"CODE_SIGN_IDENTITY[sdk=iphoneos*]" = "iPhone Distribution: Mapleton Hill (NR6YM7SHX9)";
				DEVELOPMENT_TEAM = NR6YM7SHX9;
				FRAMEWORK_SEARCH_PATHS = (
					"$(inherited)",
					"$(PROJECT_DIR)",
				);
				INFOPLIST_FILE = BourbonLibrary/Info.plist;
				IPHONEOS_DEPLOYMENT_TARGET = 9.0;
				LD_RUNPATH_SEARCH_PATHS = "$(inherited) @executable_path/Frameworks";
				PRODUCT_BUNDLE_IDENTIFIER = com.bourbonlibrary.app;
				PRODUCT_NAME = "$(TARGET_NAME)";
				PROVISIONING_PROFILE = "23172737-e986-48e7-88b3-1351ac211b01";
				PROVISIONING_PROFILE_SPECIFIER = "Bourbon Library";
				SWIFT_VERSION = 3.0;
			};
			name = Release;
		};
		42E05CA41DE26D1600B24B7E /* Debug */ = {
			isa = XCBuildConfiguration;
			buildSettings = {
				ALWAYS_EMBED_SWIFT_STANDARD_LIBRARIES = YES;
				BUNDLE_LOADER = "$(TEST_HOST)";
				CODE_SIGN_IDENTITY = "iPhone Developer: Jason Timbo (85Q3U9MA73)";
				"CODE_SIGN_IDENTITY[sdk=iphoneos*]" = "iPhone Developer: Jason Timbo (85Q3U9MA73)";
				DEVELOPMENT_TEAM = NR6YM7SHX9;
				INFOPLIST_FILE = BourbonLibraryTests/Info.plist;
				LD_RUNPATH_SEARCH_PATHS = "$(inherited) @executable_path/Frameworks @loader_path/Frameworks";
				PRODUCT_BUNDLE_IDENTIFIER = timbo.BourbonLibraryTests;
				PRODUCT_NAME = "$(TARGET_NAME)";
				PROVISIONING_PROFILE_SPECIFIER = "";
				SWIFT_VERSION = 3.0;
				TEST_HOST = "$(BUILT_PRODUCTS_DIR)/BourbonLibrary.app/BourbonLibrary";
			};
			name = Debug;
		};
		42E05CA51DE26D1600B24B7E /* Release */ = {
			isa = XCBuildConfiguration;
			buildSettings = {
				ALWAYS_EMBED_SWIFT_STANDARD_LIBRARIES = YES;
				BUNDLE_LOADER = "$(TEST_HOST)";
				CODE_SIGN_IDENTITY = "iPhone Distribution: Mapleton Hill (NR6YM7SHX9)";
				"CODE_SIGN_IDENTITY[sdk=iphoneos*]" = "iPhone Distribution: Mapleton Hill (NR6YM7SHX9)";
				DEVELOPMENT_TEAM = NR6YM7SHX9;
				INFOPLIST_FILE = BourbonLibraryTests/Info.plist;
				LD_RUNPATH_SEARCH_PATHS = "$(inherited) @executable_path/Frameworks @loader_path/Frameworks";
				PRODUCT_BUNDLE_IDENTIFIER = timbo.BourbonLibraryTests;
				PRODUCT_NAME = "$(TARGET_NAME)";
				PROVISIONING_PROFILE_SPECIFIER = "";
				SWIFT_VERSION = 3.0;
				TEST_HOST = "$(BUILT_PRODUCTS_DIR)/BourbonLibrary.app/BourbonLibrary";
			};
			name = Release;
		};
		42E05CA71DE26D1600B24B7E /* Debug */ = {
			isa = XCBuildConfiguration;
			buildSettings = {
				ALWAYS_EMBED_SWIFT_STANDARD_LIBRARIES = YES;
				CODE_SIGN_IDENTITY = "iPhone Developer: Jason Timbo (85Q3U9MA73)";
				DEVELOPMENT_TEAM = NR6YM7SHX9;
				INFOPLIST_FILE = BourbonLibraryUITests/Info.plist;
				LD_RUNPATH_SEARCH_PATHS = "$(inherited) @executable_path/Frameworks @loader_path/Frameworks";
				PRODUCT_BUNDLE_IDENTIFIER = com.bourbonlibrary.app;
				PRODUCT_NAME = "$(TARGET_NAME)";
				PROVISIONING_PROFILE = "23172737-e986-48e7-88b3-1351ac211b01";
				PROVISIONING_PROFILE_SPECIFIER = "Bourbon Library Beta";
				SWIFT_VERSION = 3.0;
				TEST_TARGET_NAME = BourbonLibrary;
			};
			name = Debug;
		};
		42E05CA81DE26D1600B24B7E /* Release */ = {
			isa = XCBuildConfiguration;
			buildSettings = {
				ALWAYS_EMBED_SWIFT_STANDARD_LIBRARIES = YES;
				CODE_SIGN_IDENTITY = "";
				"CODE_SIGN_IDENTITY[sdk=iphoneos*]" = "";
				DEVELOPMENT_TEAM = NR6YM7SHX9;
				INFOPLIST_FILE = BourbonLibraryUITests/Info.plist;
				LD_RUNPATH_SEARCH_PATHS = "$(inherited) @executable_path/Frameworks @loader_path/Frameworks";
				PRODUCT_BUNDLE_IDENTIFIER = com.bourbonlibrary.app;
				PRODUCT_NAME = "$(TARGET_NAME)";
				PROVISIONING_PROFILE = "";
				PROVISIONING_PROFILE_SPECIFIER = "Bourbon Library Beta";
				SWIFT_VERSION = 3.0;
				TEST_TARGET_NAME = BourbonLibrary;
			};
			name = Release;
		};
/* End XCBuildConfiguration section */

/* Begin XCConfigurationList section */
		42E05C701DE26D1600B24B7E /* Build configuration list for PBXProject "Bourbon Library" */ = {
			isa = XCConfigurationList;
			buildConfigurations = (
				42E05C9E1DE26D1600B24B7E /* Debug */,
				42E05C9F1DE26D1600B24B7E /* Release */,
			);
			defaultConfigurationIsVisible = 0;
			defaultConfigurationName = Debug;
		};
		42E05CA01DE26D1600B24B7E /* Build configuration list for PBXNativeTarget "BourbonLibrary" */ = {
			isa = XCConfigurationList;
			buildConfigurations = (
				42E05CA11DE26D1600B24B7E /* Debug */,
				42E05CA21DE26D1600B24B7E /* Release */,
			);
			defaultConfigurationIsVisible = 0;
			defaultConfigurationName = Debug;
		};
		42E05CA31DE26D1600B24B7E /* Build configuration list for PBXNativeTarget "BourbonLibraryTests" */ = {
			isa = XCConfigurationList;
			buildConfigurations = (
				42E05CA41DE26D1600B24B7E /* Debug */,
				42E05CA51DE26D1600B24B7E /* Release */,
			);
			defaultConfigurationIsVisible = 0;
			defaultConfigurationName = Debug;
		};
		42E05CA61DE26D1600B24B7E /* Build configuration list for PBXNativeTarget "BourbonLibraryUITests" */ = {
			isa = XCConfigurationList;
			buildConfigurations = (
				42E05CA71DE26D1600B24B7E /* Debug */,
				42E05CA81DE26D1600B24B7E /* Release */,
			);
			defaultConfigurationIsVisible = 0;
			defaultConfigurationName = Debug;
		};
/* End XCConfigurationList section */

/* Begin XCVersionGroup section */
		42E05C7F1DE26D1600B24B7E /* BourbonLibrary.xcdatamodeld */ = {
			isa = XCVersionGroup;
			children = (
				42E05C801DE26D1600B24B7E /* BourbonLibrary.xcdatamodel */,
			);
			currentVersion = 42E05C801DE26D1600B24B7E /* BourbonLibrary.xcdatamodel */;
			path = BourbonLibrary.xcdatamodeld;
			sourceTree = "<group>";
			versionGroupType = wrapper.xcdatamodel;
		};
/* End XCVersionGroup section */
	};
	rootObject = 42E05C6D1DE26D1600B24B7E /* Project object */;
}
